
Microsoft Visual Studio Solution File, Format Version 12.00
# Visual Studio Version 17
VisualStudioVersion = 17.3.32929.385
MinimumVisualStudioVersion = 10.0.40219.1
Project("{FAE04EC0-301F-11D3-BF4B-00C04F79EFBC}") = "bıktım", "bıktım\bıktım.csproj", "{0840759E-4E54-4794-9B01-31F44512638E}"
EndProject
Global
	GlobalSection(SolutionConfigurationPlatforms) = preSolution
		Debug|Any CPU = Debug|Any CPU
		Release|Any CPU = Release|Any CPU
	EndGlobalSection
	GlobalSection(ProjectConfigurationPlatforms) = postSolution
		{0840759E-4E54-4794-9B01-31F44512638E}.Debug|Any CPU.ActiveCfg = Debug|Any CPU
		{0840759E-4E54-4794-9B01-31F44512638E}.Debug|Any CPU.Build.0 = Debug|Any CPU
		{0840759E-4E54-4794-9B01-31F44512638E}.Release|Any CPU.ActiveCfg = Release|Any CPU
		{0840759E-4E54-4794-9B01-31F44512638E}.Release|Any CPU.Build.0 = Release|Any CPU
	EndGlobalSection
	GlobalSection(SolutionProperties) = preSolution
		HideSolutionNode = FALSE
	EndGlobalSection
	GlobalSection(ExtensibilityGlobals) = postSolution
		SolutionGuid = {465BC4D2-29C4-40A7-8D8D-304601406F42}
	EndGlobalSection
EndGlobal
